
Microsoft Visual Studio Solution File, Format Version 12.00
# Visual Studio Version 16
VisualStudioVersion = 16.0.28922.388
MinimumVisualStudioVersion = 10.0.40219.1
Project("{FAE04EC0-301F-11D3-BF4B-00C04F79EFBC}") = "JsonDemo", "JsonDemo\JsonDemo.csproj", "{D1BB2BB7-B42C-4C22-9900-F3CB5B57B40B}"
EndProject
Project("{FAE04EC0-301F-11D3-BF4B-00C04F79EFBC}") = "JsonDemo.Tests", "JsonDemo.Tests\JsonDemo.Tests.csproj", "{DD3CD798-5EFE-47E3-BB08-C0029C63119A}"
EndProject
Global
	GlobalSection(SolutionConfigurationPlatforms) = preSolution
		Debug|Any CPU = Debug|Any CPU
		Release|Any CPU = Release|Any CPU
	EndGlobalSection
	GlobalSection(ProjectConfigurationPlatforms) = postSolution
		{D1BB2BB7-B42C-4C22-9900-F3CB5B57B40B}.Debug|Any CPU.ActiveCfg = Debug|Any CPU
		{D1BB2BB7-B42C-4C22-9900-F3CB5B57B40B}.Debug|Any CPU.Build.0 = Debug|Any CPU
		{D1BB2BB7-B42C-4C22-9900-F3CB5B57B40B}.Release|Any CPU.ActiveCfg = Release|Any CPU
		{D1BB2BB7-B42C-4C22-9900-F3CB5B57B40B}.Release|Any CPU.Build.0 = Release|Any CPU
		{DD3CD798-5EFE-47E3-BB08-C0029C63119A}.Debug|Any CPU.ActiveCfg = Debug|Any CPU
		{DD3CD798-5EFE-47E3-BB08-C0029C63119A}.Debug|Any CPU.Build.0 = Debug|Any CPU
		{DD3CD798-5EFE-47E3-BB08-C0029C63119A}.Release|Any CPU.ActiveCfg = Release|Any CPU
		{DD3CD798-5EFE-47E3-BB08-C0029C63119A}.Release|Any CPU.Build.0 = Release|Any CPU
	EndGlobalSection
	GlobalSection(SolutionProperties) = preSolution
		HideSolutionNode = FALSE
	EndGlobalSection
	GlobalSection(ExtensibilityGlobals) = postSolution
		SolutionGuid = {CF868DD2-D070-4DF0-BDD0-34846D67E7C5}
	EndGlobalSection
EndGlobal
